// !$*UTF8*$!
{
	archiveVersion = 1;
	classes = {
	};
	objectVersion = 46;
	objects = {

/* Begin PBXBuildFile section */
		72FEE4461B7CD3F3008C10A7 /* AppDelegate.m in Sources */ = {isa = PBXBuildFile; fileRef = 72FEE4451B7CD3F3008C10A7 /* AppDelegate.m */; };
		72FEE4481B7CD3F3008C10A7 /* main.m in Sources */ = {isa = PBXBuildFile; fileRef = 72FEE4471B7CD3F3008C10A7 /* main.m */; };
		72FEE44B1B7CD3F3008C10A7 /* ViewController.m in Sources */ = {isa = PBXBuildFile; fileRef = 72FEE44A1B7CD3F3008C10A7 /* ViewController.m */; };
		72FEE44D1B7CD3F3008C10A7 /* Images.xcassets in Resources */ = {isa = PBXBuildFile; fileRef = 72FEE44C1B7CD3F3008C10A7 /* Images.xcassets */; };
		72FEE4501B7CD3F3008C10A7 /* Main.storyboard in Resources */ = {isa = PBXBuildFile; fileRef = 72FEE44E1B7CD3F3008C10A7 /* Main.storyboard */; };
		72FEE45C1B7CD3F3008C10A7 /* StateTests.m in Sources */ = {isa = PBXBuildFile; fileRef = 72FEE45B1B7CD3F3008C10A7 /* StateTests.m */; };
/* End PBXBuildFile section */

/* Begin PBXContainerItemProxy section */
		72FEE4561B7CD3F3008C10A7 /* PBXContainerItemProxy */ = {
			isa = PBXContainerItemProxy;
			containerPortal = 72FEE4371B7CD3F3008C10A7 /* Project object */;
			proxyType = 1;
			remoteGlobalIDString = 72FEE43E1B7CD3F3008C10A7;
			remoteInfo = State;
		};
/* End PBXContainerItemProxy section */

/* Begin PBXFileReference section */
		72FEE43F1B7CD3F3008C10A7 /* State.app */ = {isa = PBXFileReference; explicitFileType = wrapper.application; includeInIndex = 0; path = State.app; sourceTree = BUILT_PRODUCTS_DIR; };
		72FEE4431B7CD3F3008C10A7 /* Info.plist */ = {isa = PBXFileReference; lastKnownFileType = text.plist.xml; path = Info.plist; sourceTree = "<group>"; };
		72FEE4441B7CD3F3008C10A7 /* AppDelegate.h */ = {isa = PBXFileReference; lastKnownFileType = sourcecode.c.h; path = AppDelegate.h; sourceTree = "<group>"; };
		72FEE4451B7CD3F3008C10A7 /* AppDelegate.m */ = {isa = PBXFileReference; lastKnownFileType = sourcecode.c.objc; path = AppDelegate.m; sourceTree = "<group>"; };
		72FEE4471B7CD3F3008C10A7 /* main.m */ = {isa = PBXFileReference; lastKnownFileType = sourcecode.c.objc; path = main.m; sourceTree = "<group>"; };
		72FEE4491B7CD3F3008C10A7 /* ViewController.h */ = {isa = PBXFileReference; lastKnownFileType = sourcecode.c.h; path = ViewController.h; sourceTree = "<group>"; };
		72FEE44A1B7CD3F3008C10A7 /* ViewController.m */ = {isa = PBXFileReference; lastKnownFileType = sourcecode.c.objc; path = ViewController.m; sourceTree = "<group>"; };
		72FEE44C1B7CD3F3008C10A7 /* Images.xcassets */ = {isa = PBXFileReference; lastKnownFileType = folder.assetcatalog; path = Images.xcassets; sourceTree = "<group>"; };
		72FEE44F1B7CD3F3008C10A7 /* Base */ = {isa = PBXFileReference; lastKnownFileType = file.storyboard; name = Base; path = Base.lproj/Main.storyboard; sourceTree = "<group>"; };
		72FEE4551B7CD3F3008C10A7 /* StateTests.xctest */ = {isa = PBXFileReference; explicitFileType = wrapper.cfbundle; includeInIndex = 0; path = StateTests.xctest; sourceTree = BUILT_PRODUCTS_DIR; };
		72FEE45A1B7CD3F3008C10A7 /* Info.plist */ = {isa = PBXFileReference; lastKnownFileType = text.plist.xml; path = Info.plist; sourceTree = "<group>"; };
		72FEE45B1B7CD3F3008C10A7 /* StateTests.m */ = {isa = PBXFileReference; lastKnownFileType = sourcecode.c.objc; path = StateTests.m; sourceTree = "<group>"; };
/* End PBXFileReference section */

/* Begin PBXFrameworksBuildPhase section */
		72FEE43C1B7CD3F3008C10A7 /* Frameworks */ = {
			isa = PBXFrameworksBuildPhase;
			buildActionMask = 2147483647;
			files = (
			);
			runOnlyForDeploymentPostprocessing = 0;
		};
		72FEE4521B7CD3F3008C10A7 /* Frameworks */ = {
			isa = PBXFrameworksBuildPhase;
			buildActionMask = 2147483647;
			files = (
			);
			runOnlyForDeploymentPostprocessing = 0;
		};
/* End PBXFrameworksBuildPhase section */

/* Begin PBXGroup section */
		72FEE4361B7CD3F3008C10A7 = {
			isa = PBXGroup;
			children = (
				72FEE4411B7CD3F3008C10A7 /* State */,
				72FEE4581B7CD3F3008C10A7 /* StateTests */,
				72FEE4401B7CD3F3008C10A7 /* Products */,
			);
			sourceTree = "<group>";
		};
		72FEE4401B7CD3F3008C10A7 /* Products */ = {
			isa = PBXGroup;
			children = (
				72FEE43F1B7CD3F3008C10A7 /* State.app */,
				72FEE4551B7CD3F3008C10A7 /* StateTests.xctest */,
			);
			name = Products;
			sourceTree = "<group>";
		};
		72FEE4411B7CD3F3008C10A7 /* State */ = {
			isa = PBXGroup;
			children = (
				72FEE4441B7CD3F3008C10A7 /* AppDelegate.h */,
				72FEE4451B7CD3F3008C10A7 /* AppDelegate.m */,
				72FEE4491B7CD3F3008C10A7 /* ViewController.h */,
				72FEE44A1B7CD3F3008C10A7 /* ViewController.m */,
				72FEE44C1B7CD3F3008C10A7 /* Images.xcassets */,
				72FEE44E1B7CD3F3008C10A7 /* Main.storyboard */,
				72FEE4421B7CD3F3008C10A7 /* Supporting Files */,
			);
			path = State;
			sourceTree = "<group>";
		};
		72FEE4421B7CD3F3008C10A7 /* Supporting Files */ = {
			isa = PBXGroup;
			children = (
				72FEE4431B7CD3F3008C10A7 /* Info.plist */,
				72FEE4471B7CD3F3008C10A7 /* main.m */,
			);
			name = "Supporting Files";
			sourceTree = "<group>";
		};
		72FEE4581B7CD3F3008C10A7 /* StateTests */ = {
			isa = PBXGroup;
			children = (
				72FEE45B1B7CD3F3008C10A7 /* StateTests.m */,
				72FEE4591B7CD3F3008C10A7 /* Supporting Files */,
			);
			path = StateTests;
			sourceTree = "<group>";
		};
		72FEE4591B7CD3F3008C10A7 /* Supporting Files */ = {
			isa = PBXGroup;
			children = (
				72FEE45A1B7CD3F3008C10A7 /* Info.plist */,
			);
			name = "Supporting Files";
			sourceTree = "<group>";
		};
/* End PBXGroup section */

/* Begin PBXNativeTarget section */
		72FEE43E1B7CD3F3008C10A7 /* State */ = {
			isa = PBXNativeTarget;
			buildConfigurationList = 72FEE45F1B7CD3F3008C10A7 /* Build configuration list for PBXNativeTarget "State" */;
			buildPhases = (
				72FEE43B1B7CD3F3008C10A7 /* Sources */,
				72FEE43C1B7CD3F3008C10A7 /* Frameworks */,
				72FEE43D1B7CD3F3008C10A7 /* Resources */,
			);
			buildRules = (
			);
			dependencies = (
			);
			name = State;
			productName = State;
			productReference = 72FEE43F1B7CD3F3008C10A7 /* State.app */;
			productType = "com.apple.product-type.application";
		};
		72FEE4541B7CD3F3008C10A7 /* StateTests */ = {
			isa = PBXNativeTarget;
			buildConfigurationList = 72FEE4621B7CD3F3008C10A7 /* Build configuration list for PBXNativeTarget "StateTests" */;
			buildPhases = (
				72FEE4511B7CD3F3008C10A7 /* Sources */,
				72FEE4521B7CD3F3008C10A7 /* Frameworks */,
				72FEE4531B7CD3F3008C10A7 /* Resources */,
			);
			buildRules = (
			);
			dependencies = (
				72FEE4571B7CD3F3008C10A7 /* PBXTargetDependency */,
			);
			name = StateTests;
			productName = StateTests;
			productReference = 72FEE4551B7CD3F3008C10A7 /* StateTests.xctest */;
			productType = "com.apple.product-type.bundle.unit-test";
		};
/* End PBXNativeTarget section */

/* Begin PBXProject section */
		72FEE4371B7CD3F3008C10A7 /* Project object */ = {
			isa = PBXProject;
			attributes = {
				LastUpgradeCheck = 0640;
				ORGANIZATIONNAME = "Bobby Dilley";
				TargetAttributes = {
					72FEE43E1B7CD3F3008C10A7 = {
						CreatedOnToolsVersion = 6.4;
					};
					72FEE4541B7CD3F3008C10A7 = {
						CreatedOnToolsVersion = 6.4;
						TestTargetID = 72FEE43E1B7CD3F3008C10A7;
					};
				};
			};
			buildConfigurationList = 72FEE43A1B7CD3F3008C10A7 /* Build configuration list for PBXProject "State" */;
			compatibilityVersion = "Xcode 3.2";
			developmentRegion = English;
			hasScannedForEncodings = 0;
			knownRegions = (
				en,
				Base,
			);
			mainGroup = 72FEE4361B7CD3F3008C10A7;
			productRefGroup = 72FEE4401B7CD3F3008C10A7 /* Products */;
			projectDirPath = "";
			projectRoot = "";
			targets = (
				72FEE43E1B7CD3F3008C10A7 /* State */,
				72FEE4541B7CD3F3008C10A7 /* StateTests */,
			);
		};
/* End PBXProject section */

/* Begin PBXResourcesBuildPhase section */
		72FEE43D1B7CD3F3008C10A7 /* Resources */ = {
			isa = PBXResourcesBuildPhase;
			buildActionMask = 2147483647;
			files = (
				72FEE44D1B7CD3F3008C10A7 /* Images.xcassets in Resources */,
				72FEE4501B7CD3F3008C10A7 /* Main.storyboard in Resources */,
			);
			runOnlyForDeploymentPostprocessing = 0;
		};
		72FEE4531B7CD3F3008C10A7 /* Resources */ = {
			isa = PBXResourcesBuildPhase;
			buildActionMask = 2147483647;
			files = (
			);
			runOnlyForDeploymentPostprocessing = 0;
		};
/* End PBXResourcesBuildPhase section */

/* Begin PBXSourcesBuildPhase section */
		72FEE43B1B7CD3F3008C10A7 /* Sources */ = {
			isa = PBXSourcesBuildPhase;
			buildActionMask = 2147483647;
			files = (
				72FEE44B1B7CD3F3008C10A7 /* ViewController.m in Sources */,
				72FEE4481B7CD3F3008C10A7 /* main.m in Sources */,
				72FEE4461B7CD3F3008C10A7 /* AppDelegate.m in Sources */,
			);
			runOnlyForDeploymentPostprocessing = 0;
		};
		72FEE4511B7CD3F3008C10A7 /* Sources */ = {
			isa = PBXSourcesBuildPhase;
			buildActionMask = 2147483647;
			files = (
				72FEE45C1B7CD3F3008C10A7 /* StateTests.m in Sources */,
			);
			runOnlyForDeploymentPostprocessing = 0;
		};
/* End PBXSourcesBuildPhase section */

/* Begin PBXTargetDependency section */
		72FEE4571B7CD3F3008C10A7 /* PBXTargetDependency */ = {
			isa = PBXTargetDependency;
			target = 72FEE43E1B7CD3F3008C10A7 /* State */;
			targetProxy = 72FEE4561B7CD3F3008C10A7 /* PBXContainerItemProxy */;
		};
/* End PBXTargetDependency section */

/* Begin PBXVariantGroup section */
		72FEE44E1B7CD3F3008C10A7 /* Main.storyboard */ = {
			isa = PBXVariantGroup;
			children = (
				72FEE44F1B7CD3F3008C10A7 /* Base */,
			);
			name = Main.storyboard;
			sourceTree = "<group>";
		};
/* End PBXVariantGroup section */

/* Begin XCBuildConfiguration section */
		72FEE45D1B7CD3F3008C10A7 /* Debug */ = {
			isa = XCBuildConfiguration;
			buildSettings = {
				ALWAYS_SEARCH_USER_PATHS = NO;
				CLANG_CXX_LANGUAGE_STANDARD = "gnu++0x";
				CLANG_CXX_LIBRARY = "libc++";
				CLANG_ENABLE_MODULES = YES;
				CLANG_ENABLE_OBJC_ARC = YES;
				CLANG_WARN_BOOL_CONVERSION = YES;
				CLANG_WARN_CONSTANT_CONVERSION = YES;
				CLANG_WARN_DIRECT_OBJC_ISA_USAGE = YES_ERROR;
				CLANG_WARN_EMPTY_BODY = YES;
				CLANG_WARN_ENUM_CONVERSION = YES;
				CLANG_WARN_INT_CONVERSION = YES;
				CLANG_WARN_OBJC_ROOT_CLASS = YES_ERROR;
				CLANG_WARN_UNREACHABLE_CODE = YES;
				CLANG_WARN__DUPLICATE_METHOD_MATCH = YES;
				CODE_SIGN_IDENTITY = "-";
				COPY_PHASE_STRIP = NO;
				DEBUG_INFORMATION_FORMAT = dwarf;
				ENABLE_STRICT_OBJC_MSGSEND = YES;
				GCC_C_LANGUAGE_STANDARD = gnu99;
				GCC_DYNAMIC_NO_PIC = NO;
				GCC_NO_COMMON_BLOCKS = YES;
				GCC_OPTIMIZATION_LEVEL = 0;
				GCC_PREPROCESSOR_DEFINITIONS = (
					"DEBUG=1",
					"$(inherited)",
				);
				GCC_SYMBOLS_PRIVATE_EXTERN = NO;
				GCC_WARN_64_TO_32_BIT_CONVERSION = YES;
				GCC_WARN_ABOUT_RETURN_TYPE = YES_ERROR;
				GCC_WARN_UNDECLARED_SELECTOR = YES;
				GCC_WARN_UNINITIALIZED_AUTOS = YES_AGGRESSIVE;
				GCC_WARN_UNUSED_FUNCTION = YES;
				GCC_WARN_UNUSED_VARIABLE = YES;
				MACOSX_DEPLOYMENT_TARGET = 10.10;
				MTL_ENABLE_DEBUG_INFO = YES;
				ONLY_ACTIVE_ARCH = YES;
				SDKROOT = macosx;
			};
			name = Debug;
		};
		72FEE45E1B7CD3F3008C10A7 /* Release */ = {
			isa = XCBuildConfiguration;
			buildSettings = {
				ALWAYS_SEARCH_USER_PATHS = NO;
				CLANG_CXX_LANGUAGE_STANDARD = "gnu++0x";
				CLANG_CXX_LIBRARY = "libc++";
				CLANG_ENABLE_MODULES = YES;
				CLANG_ENABLE_OBJC_ARC = YES;
				CLANG_WARN_BOOL_CONVERSION = YES;
				CLANG_WARN_CONSTANT_CONVERSION = YES;
				CLANG_WARN_DIRECT_OBJC_ISA_USAGE = YES_ERROR;
				CLANG_WARN_EMPTY_BODY = YES;
				CLANG_WARN_ENUM_CONVERSION = YES;
				CLANG_WARN_INT_CONVERSION = YES;
				CLANG_WARN_OBJC_ROOT_CLASS = YES_ERROR;
				CLANG_WARN_UNREACHABLE_CODE = YES;
				CLANG_WARN__DUPLICATE_METHOD_MATCH = YES;
				CODE_SIGN_IDENTITY = "-";
				COPY_PHASE_STRIP = NO;
				DEBUG_INFORMATION_FORMAT = "dwarf-with-dsym";
				ENABLE_NS_ASSERTIONS = NO;
				ENABLE_STRICT_OBJC_MSGSEND = YES;
				GCC_C_LANGUAGE_STANDARD = gnu99;
				GCC_NO_COMMON_BLOCKS = YES;
				GCC_WARN_64_TO_32_BIT_CONVERSION = YES;
				GCC_WARN_ABOUT_RETURN_TYPE = YES_ERROR;
				GCC_WARN_UNDECLARED_SELECTOR = YES;
				GCC_WARN_UNINITIALIZED_AUTOS = YES_AGGRESSIVE;
				GCC_WARN_UNUSED_FUNCTION = YES;
				GCC_WARN_UNUSED_VARIABLE = YES;
				MACOSX_DEPLOYMENT_TARGET = 10.10;
				MTL_ENABLE_DEBUG_INFO = NO;
				SDKROOT = macosx;
			};
			name = Release;
		};
		72FEE4601B7CD3F3008C10A7 /* Debug */ = {
			isa = XCBuildConfiguration;
			buildSettings = {
				ASSETCATALOG_COMPILER_APPICON_NAME = AppIcon;
				COMBINE_HIDPI_IMAGES = YES;
				INFOPLIST_FILE = State/Info.plist;
				LD_RUNPATH_SEARCH_PATHS = "$(inherited) @executable_path/../Frameworks";
				PRODUCT_NAME = "$(TARGET_NAME)";
			};
			name = Debug;
		};
		72FEE4611B7CD3F3008C10A7 /* Release */ = {
			isa = XCBuildConfiguration;
			buildSettings = {
				ASSETCATALOG_COMPILER_APPICON_NAME = AppIcon;
				COMBINE_HIDPI_IMAGES = YES;
				INFOPLIST_FILE = State/Info.plist;
				LD_RUNPATH_SEARCH_PATHS = "$(inherited) @executable_path/../Frameworks";
				PRODUCT_NAME = "$(TARGET_NAME)";
			};
			name = Release;
		};
		72FEE4631B7CD3F3008C10A7 /* Debug */ = {
			isa = XCBuildConfiguration;
			buildSettings = {
				BUNDLE_LOADER = "$(TEST_HOST)";
				COMBINE_HIDPI_IMAGES = YES;
				FRAMEWORK_SEARCH_PATHS = (
					"$(DEVELOPER_FRAMEWORKS_DIR)",
					"$(inherited)",
				);
				GCC_PREPROCESSOR_DEFINITIONS = (
					"DEBUG=1",
					"$(inherited)",
				);
				INFOPLIST_FILE = StateTests/Info.plist;
				LD_RUNPATH_SEARCH_PATHS = "$(inherited) @executable_path/../Frameworks @loader_path/../Frameworks";
				PRODUCT_NAME = "$(TARGET_NAME)";
				TEST_HOST = "$(BUILT_PRODUCTS_DIR)/State.app/Contents/MacOS/State";
			};
			name = Debug;
		};
		72FEE4641B7CD3F3008C10A7 /* Release */ = {
			isa = XCBuildConfiguration;
			buildSettings = {
				BUNDLE_LOADER = "$(TEST_HOST)";
				COMBINE_HIDPI_IMAGES = YES;
				FRAMEWORK_SEARCH_PATHS = (
					"$(DEVELOPER_FRAMEWORKS_DIR)",
					"$(inherited)",
				);
				INFOPLIST_FILE = StateTests/Info.plist;
				LD_RUNPATH_SEARCH_PATHS = "$(inherited) @executable_path/../Frameworks @loader_path/../Frameworks";
				PRODUCT_NAME = "$(TARGET_NAME)";
				TEST_HOST = "$(BUILT_PRODUCTS_DIR)/State.app/Contents/MacOS/State";
			};
			name = Release;
		};
/* End XCBuildConfiguration section */

/* Begin XCConfigurationList section */
		72FEE43A1B7CD3F3008C10A7 /* Build configuration list for PBXProject "State" */ = {
			isa = XCConfigurationList;
			buildConfigurations = (
				72FEE45D1B7CD3F3008C10A7 /* Debug */,
				72FEE45E1B7CD3F3008C10A7 /* Release */,
			);
			defaultConfigurationIsVisible = 0;
			defaultConfigurationName = Release;
		};
		72FEE45F1B7CD3F3008C10A7 /* Build configuration list for PBXNativeTarget "State" */ = {
			isa = XCConfigurationList;
			buildConfigurations = (
				72FEE4601B7CD3F3008C10A7 /* Debug */,
				72FEE4611B7CD3F3008C10A7 /* Release */,
			);
			defaultConfigurationIsVisible = 0;
		};
		72FEE4621B7CD3F3008C10A7 /* Build configuration list for PBXNativeTarget "StateTests" */ = {
			isa = XCConfigurationList;
			buildConfigurations = (
				72FEE4631B7CD3F3008C10A7 /* Debug */,
				72FEE4641B7CD3F3008C10A7 /* Release */,
			);
			defaultConfigurationIsVisible = 0;
		};
/* End XCConfigurationList section */
	};
	rootObject = 72FEE4371B7CD3F3008C10A7 /* Project object */;
}
